
Microsoft Visual Studio Solution File, Format Version 12.00
Project("{FAE04EC0-301F-11D3-BF4B-00C04F79EFBC}") = "RevenueRecognitionSystem", "RevenueRecognitionSystem.csproj", "{DBC2B556-7143-4B8E-8F66-E27B6BC94590}"
EndProject
Project("{2150E333-8FDC-42A3-9474-1A3956D46DE8}") = "Solution Items", "Solution Items", "{CBCDDFB1-824D-4977-B6E1-5ECC686F97D5}"
	ProjectSection(SolutionItems) = preProject
		docker-compose.yml = docker-compose.yml
	EndProjectSection
EndProject
Global
	GlobalSection(SolutionConfigurationPlatforms) = preSolution
		Debug|Any CPU = Debug|Any CPU
		Release|Any CPU = Release|Any CPU
	EndGlobalSection
	GlobalSection(ProjectConfigurationPlatforms) = postSolution
		{DBC2B556-7143-4B8E-8F66-E27B6BC94590}.Debug|Any CPU.ActiveCfg = Debug|Any CPU
		{DBC2B556-7143-4B8E-8F66-E27B6BC94590}.Debug|Any CPU.Build.0 = Debug|Any CPU
		{DBC2B556-7143-4B8E-8F66-E27B6BC94590}.Release|Any CPU.ActiveCfg = Release|Any CPU
		{DBC2B556-7143-4B8E-8F66-E27B6BC94590}.Release|Any CPU.Build.0 = Release|Any CPU
	EndGlobalSection
EndGlobal
